
Microsoft Visual Studio Solution File, Format Version 12.00
# Visual Studio Version 17
VisualStudioVersion = 17.7.34221.43
MinimumVisualStudioVersion = 10.0.40219.1
Project("{FAE04EC0-301F-11D3-BF4B-00C04F79EFBC}") = "vsports", "vsports.csproj", "{69E92830-2B56-4FB5-ACC6-101553558218}"
EndProject
Global
	GlobalSection(SolutionConfigurationPlatforms) = preSolution
		Debug|Any CPU = Debug|Any CPU
		Release|Any CPU = Release|Any CPU
	EndGlobalSection
	GlobalSection(ProjectConfigurationPlatforms) = postSolution
		{69E92830-2B56-4FB5-ACC6-101553558218}.Debug|Any CPU.ActiveCfg = Debug|Any CPU
		{69E92830-2B56-4FB5-ACC6-101553558218}.Debug|Any CPU.Build.0 = Debug|Any CPU
		{69E92830-2B56-4FB5-ACC6-101553558218}.Release|Any CPU.ActiveCfg = Release|Any CPU
		{69E92830-2B56-4FB5-ACC6-101553558218}.Release|Any CPU.Build.0 = Release|Any CPU
	EndGlobalSection
	GlobalSection(SolutionProperties) = preSolution
		HideSolutionNode = FALSE
	EndGlobalSection
	GlobalSection(ExtensibilityGlobals) = postSolution
		SolutionGuid = {91A58313-C9C4-4412-BB2B-DBAC2D3393A4}
	EndGlobalSection
EndGlobal
